<?xml version="1.0" encoding="utf-8"?>
<Project ToolsVersion="4.0" xmlns="http://schemas.microsoft.com/developer/msbuild/2003">
  <ItemGroup>
    <ClCompile Include="Src\stbi_image_impl.cpp" />
    <ClCompile Include="Src\Main.cpp" />
    <ClCompile Include="Src\Camera.cpp">
      <Filter>Engine</Filter>
    </ClCompile>
    <ClCompile Include="Src\Engine.cpp">
      <Filter>Engine</Filter>
    </ClCompile>
    <ClCompile Include="Src\EngineUtilities.cpp">
      <Filter>Engine</Filter>
    </ClCompile>
    <ClCompile Include="Src\IndexBuffer.cpp">
      <Filter>Engine</Filter>
    </ClCompile>
    <ClCompile Include="Src\Renderer.cpp">
      <Filter>Engine</Filter>
    </ClCompile>
    <ClCompile Include="Src\Shader.cpp">
      <Filter>Engine</Filter>
    </ClCompile>
    <ClCompile Include="Src\StaticMesh.cpp">
      <Filter>Engine</Filter>
    </ClCompile>
    <ClCompile Include="Src\Texture.cpp">
      <Filter>Engine</Filter>
    </ClCompile>
    <ClCompile Include="Src\VertexBuffer.cpp">
      <Filter>Engine</Filter>
    </ClCompile>
    <ClCompile Include="Src\Window.cpp">
      <Filter>Engine</Filter>
    </ClCompile>
  </ItemGroup>
  <ItemGroup>
    <Filter Include="Engine">
      <UniqueIdentifier>{53138bdf-2d0e-4a92-a62e-70ecf1410973}</UniqueIdentifier>
    </Filter>
  </ItemGroup>
  <ItemGroup>
    <ClInclude Include="Headers\VertexStruct.h" />
    <ClInclude Include="Headers\stbi_image.h" />
    <ClInclude Include="Headers\Camera.h">
      <Filter>Engine</Filter>
    </ClInclude>
    <ClInclude Include="Headers\Engine.h">
      <Filter>Engine</Filter>
    </ClInclude>
    <ClInclude Include="Headers\EngineUtilities.h">
      <Filter>Engine</Filter>
    </ClInclude>
    <ClInclude Include="Headers\IndexBuffer.h">
      <Filter>Engine</Filter>
    </ClInclude>
    <ClInclude Include="Headers\Renderer.h">
      <Filter>Engine</Filter>
    </ClInclude>
    <ClInclude Include="Headers\Shader.h">
      <Filter>Engine</Filter>
    </ClInclude>
    <ClInclude Include="Headers\StaticMesh.h">
      <Filter>Engine</Filter>
    </ClInclude>
    <ClInclude Include="Headers\Texture.h">
      <Filter>Engine</Filter>
    </ClInclude>
    <ClInclude Include="Headers\VertexBuffer.h">
      <Filter>Engine</Filter>
    </ClInclude>
    <ClInclude Include="Headers\Window.h">
      <Filter>Engine</Filter>
    </ClInclude>
  </ItemGroup>
</Project>